PODS:
  - Alamofire (4.7.3)
  - AppSyncRealTimeClient (1.4.2):
    - Starscream (~> 3.1.0)
  - AWSAppSync (3.1.13):
    - AppSyncRealTimeClient (~> 1.4)
    - AWSCore (~> 2.21.0)
    - ReachabilitySwift (~> 5.0.0)
    - SQLite.swift (~> 0.12.2)
  - AWSCore (2.21.1)
  - Differentiator (3.1.0)
  - Nimble (7.3.1)
  - ReachabilitySwift (5.0.0)
  - RxAlamofire (4.3.0):
    - RxAlamofire/Core (= 4.3.0)
  - RxAlamofire/Core (4.3.0):
    - Alamofire (~> 4.5)
    - RxSwift (~> 4)
  - RxAtomic (4.4.0)
  - RxBlocking (4.4.0):
    - RxAtomic (~> 4.4)
    - RxSwift (~> 4.0)
  - RxCocoa (4.4.0):
    - RxSwift (~> 4.0)
  - RxDataSources (3.1.0):
    - Differentiator (~> 3.0)
    - RxCocoa (~> 4.0)
    - RxSwift (~> 4.0)
  - RxSwift (4.4.0):
    - RxAtomic (~> 4.4)
  - RxSwiftExt (3.4.0):
    - RxSwiftExt/Core (= 3.4.0)
    - RxSwiftExt/RxCocoa (= 3.4.0)
  - RxSwiftExt/Core (3.4.0):
    - RxSwift (~> 4.0)
  - RxSwiftExt/RxCocoa (3.4.0):
    - RxCocoa (~> 4.0)
    - RxSwiftExt/Core
  - RxTest (4.4.0):
    - RxAtomic (~> 4.4)
    - RxSwift (~> 4.0)
  - SQLite.swift (0.12.2):
    - SQLite.swift/standard (= 0.12.2)
  - SQLite.swift/standard (0.12.2)
  - Starscream (3.1.1)

DEPENDENCIES:
  - Alamofire
  - AWSAppSync
  - Nimble
  - RxAlamofire
  - RxBlocking
  - RxCocoa
  - RxDataSources
  - RxSwift
  - RxSwiftExt
  - RxTest

SPEC REPOS:
  trunk:
    - Alamofire
    - AppSyncRealTimeClient
    - AWSAppSync
    - AWSCore
    - Differentiator
    - Nimble
    - ReachabilitySwift
    - RxAlamofire
    - RxAtomic
    - RxBlocking
    - RxCocoa
    - RxDataSources
    - RxSwift
    - RxSwiftExt
    - RxTest
    - SQLite.swift
    - Starscream

SPEC CHECKSUMS:
  Alamofire: c7287b6e5d7da964a70935e5db17046b7fde6568
  AppSyncRealTimeClient: 7fb160294d067b6c0c4b3c4ab91e953fd4cfba30
  AWSAppSync: ac96ee8cacd4336cccdb6721967aa60fad748db9
  AWSCore: a855a41cb2d43c8b538d3a80f8e855ed947f3d3c
  Differentiator: be49ca3408f0ecfc761e4c7763d20c62be01b9ad
  Nimble: 04f732da099ea4d153122aec8c2a88fd0c7219ae
  ReachabilitySwift: 985039c6f7b23a1da463388634119492ff86c825
  RxAlamofire: 09624d0f2d48ed8b686e4eb4cf68e28cbd2df556
  RxAtomic: eacf60db868c96bfd63320e28619fe29c179656f
  RxBlocking: 138ad53217434444d6eeeb4fb406a45431d92e31
  RxCocoa: df63ebf7b9a70d6b4eeea407ed5dd4efc8979749
  RxDataSources: a843bad90c29817f5923ec8163f4af2de084ceb3
  RxSwift: 5976ecd04fc2fefd648827c23de5e11157faa973
  RxSwiftExt: 01f8ecbeeb355698e9c75365ebe908b00dacf45d
  RxTest: 19d03286bdc0a3aaea5d61d4cde31fdf4bb8a5ba
  SQLite.swift: d2b4642190917051ce6bd1d49aab565fe794eea3
  Starscream: 4bb2f9942274833f7b4d296a55504dcfc7edb7b0

PODFILE CHECKSUM: 88f07cf2a6734de6993a69d275b292c2e0a372ff

COCOAPODS: 1.9.3
