PODS:
  - Action (3.9.1):
    - RxCocoa (~> 4.3)
    - RxSwift (~> 4.3)
  - Alamofire (4.7.3)
  - AWSAppSync (2.6.24):
    - AWSCore (~> 2.7.0)
    - ReachabilitySwift (~> 4.0.0)
    - SQLite.swift (= 0.11.4)
  - AWSCore (2.7.3)
  - Nimble (7.3.1)
  - ReachabilitySwift (4.0.0)
  - RxAlamofire (4.3.0):
    - RxAlamofire/Core (= 4.3.0)
  - RxAlamofire/Core (4.3.0):
    - Alamofire (~> 4.5)
    - RxSwift (~> 4)
  - RxAtomic (4.4.0)
  - RxBlocking (4.4.0):
    - RxAtomic (~> 4.4)
    - RxSwift (~> 4.0)
  - RxCocoa (4.4.0):
    - RxSwift (~> 4.0)
  - RxSwift (4.4.0):
    - RxAtomic (~> 4.4)
  - RxTest (4.4.0):
    - RxAtomic (~> 4.4)
    - RxSwift (~> 4.0)
  - SQLite.swift (0.11.4):
    - SQLite.swift/standard (= 0.11.4)
  - SQLite.swift/standard (0.11.4)

DEPENDENCIES:
  - Action
  - Alamofire
  - AWSAppSync (~> 2.6.24)
  - Nimble
  - RxAlamofire
  - RxBlocking
  - RxCocoa
  - RxSwift
  - RxTest

SPEC REPOS:
  https://github.com/cocoapods/specs.git:
    - Action
    - Alamofire
    - AWSAppSync
    - AWSCore
    - Nimble
    - ReachabilitySwift
    - RxAlamofire
    - RxAtomic
    - RxBlocking
    - RxCocoa
    - RxSwift
    - RxTest
    - SQLite.swift

SPEC CHECKSUMS:
  Action: 2f461c203c480b17aa99b3bb166e4329ecff6908
  Alamofire: c7287b6e5d7da964a70935e5db17046b7fde6568
  AWSAppSync: 88b8bcf344073d2cbb312bf6c7f3193cc0893d60
  AWSCore: 02d9ae2b6c2aaba6077fee2b09b0a62fb9b80282
  Nimble: 04f732da099ea4d153122aec8c2a88fd0c7219ae
  ReachabilitySwift: e67b2cab4d5386053673d8a7421b5981e5f08259
  RxAlamofire: 09624d0f2d48ed8b686e4eb4cf68e28cbd2df556
  RxAtomic: eacf60db868c96bfd63320e28619fe29c179656f
  RxBlocking: 138ad53217434444d6eeeb4fb406a45431d92e31
  RxCocoa: df63ebf7b9a70d6b4eeea407ed5dd4efc8979749
  RxSwift: 5976ecd04fc2fefd648827c23de5e11157faa973
  RxTest: 19d03286bdc0a3aaea5d61d4cde31fdf4bb8a5ba
  SQLite.swift: 3e3bee21da701b5b9f87c4a672cb54f233505692

PODFILE CHECKSUM: 90095105dc5aed3d43d130d452f42e2dc001312f

COCOAPODS: 1.5.3
